
Microsoft Visual Studio Solution File, Format Version 12.00
# Visual Studio Version 17
VisualStudioVersion = 17.8.34330.188
MinimumVisualStudioVersion = 10.0.40219.1
Project("{FAE04EC0-301F-11D3-BF4B-00C04F79EFBC}") = "MessageBoxW", "MessageBoxW\MessageBoxW.csproj", "{BCC5C88C-9A5E-460B-BF75-0B51D8D74DCA}"
EndProject
Global
	GlobalSection(SolutionConfigurationPlatforms) = preSolution
		Debug|Any CPU = Debug|Any CPU
		Release|Any CPU = Release|Any CPU
	EndGlobalSection
	GlobalSection(ProjectConfigurationPlatforms) = postSolution
		{BCC5C88C-9A5E-460B-BF75-0B51D8D74DCA}.Debug|Any CPU.ActiveCfg = Debug|Any CPU
		{BCC5C88C-9A5E-460B-BF75-0B51D8D74DCA}.Debug|Any CPU.Build.0 = Debug|Any CPU
		{BCC5C88C-9A5E-460B-BF75-0B51D8D74DCA}.Release|Any CPU.ActiveCfg = Release|Any CPU
		{BCC5C88C-9A5E-460B-BF75-0B51D8D74DCA}.Release|Any CPU.Build.0 = Release|Any CPU
	EndGlobalSection
	GlobalSection(SolutionProperties) = preSolution
		HideSolutionNode = FALSE
	EndGlobalSection
	GlobalSection(ExtensibilityGlobals) = postSolution
		SolutionGuid = {75D62E90-FF29-4F5E-BAD2-70565A7D4962}
	EndGlobalSection
EndGlobal
